
Microsoft Visual Studio Solution File, Format Version 12.00
# Visual Studio Version 16
VisualStudioVersion = 16.0.31205.134
MinimumVisualStudioVersion = 10.0.40219.1
Project("{FAE04EC0-301F-11D3-BF4B-00C04F79EFBC}") = "Extensions", "Extensions\Extensions.csproj", "{F26E411A-3A90-48C7-B36C-32E9ED686814}"
EndProject
Project("{FAE04EC0-301F-11D3-BF4B-00C04F79EFBC}") = "Extensions.Tests", "Extensions.Tests\Extensions.Tests.csproj", "{F77410E4-29CB-4341-8285-EA731D93E1C8}"
EndProject
Global
	GlobalSection(SolutionConfigurationPlatforms) = preSolution
		Debug|Any CPU = Debug|Any CPU
		Release|Any CPU = Release|Any CPU
	EndGlobalSection
	GlobalSection(ProjectConfigurationPlatforms) = postSolution
		{F26E411A-3A90-48C7-B36C-32E9ED686814}.Debug|Any CPU.ActiveCfg = Debug|Any CPU
		{F26E411A-3A90-48C7-B36C-32E9ED686814}.Debug|Any CPU.Build.0 = Debug|Any CPU
		{F26E411A-3A90-48C7-B36C-32E9ED686814}.Release|Any CPU.ActiveCfg = Release|Any CPU
		{F26E411A-3A90-48C7-B36C-32E9ED686814}.Release|Any CPU.Build.0 = Release|Any CPU
		{F77410E4-29CB-4341-8285-EA731D93E1C8}.Debug|Any CPU.ActiveCfg = Debug|Any CPU
		{F77410E4-29CB-4341-8285-EA731D93E1C8}.Debug|Any CPU.Build.0 = Debug|Any CPU
		{F77410E4-29CB-4341-8285-EA731D93E1C8}.Release|Any CPU.ActiveCfg = Release|Any CPU
		{F77410E4-29CB-4341-8285-EA731D93E1C8}.Release|Any CPU.Build.0 = Release|Any CPU
	EndGlobalSection
	GlobalSection(SolutionProperties) = preSolution
		HideSolutionNode = FALSE
	EndGlobalSection
	GlobalSection(ExtensibilityGlobals) = postSolution
		SolutionGuid = {EAE6A152-9662-4FC6-871C-29774EB49A62}
	EndGlobalSection
EndGlobal
